
Microsoft Visual Studio Solution File, Format Version 12.00
# Visual Studio Version 17
VisualStudioVersion = 17.0.32112.339
MinimumVisualStudioVersion = 10.0.40219.1
Project("{9A19103F-16F7-4668-BE54-9A1E7A4F7556}") = "Pertemuan1", "Pertemuan1\Pertemuan1.csproj", "{DF3F0C0F-8183-44C7-BBB9-73F2C169B787}"
EndProject
Project("{9A19103F-16F7-4668-BE54-9A1E7A4F7556}") = "Common", "..\Common\Common.csproj", "{376B89AA-BEA6-42CC-84EF-0AEE66971895}"
EndProject
Global
	GlobalSection(SolutionConfigurationPlatforms) = preSolution
		Debug|Any CPU = Debug|Any CPU
		Release|Any CPU = Release|Any CPU
	EndGlobalSection
	GlobalSection(ProjectConfigurationPlatforms) = postSolution
		{DF3F0C0F-8183-44C7-BBB9-73F2C169B787}.Debug|Any CPU.ActiveCfg = Debug|Any CPU
		{DF3F0C0F-8183-44C7-BBB9-73F2C169B787}.Debug|Any CPU.Build.0 = Debug|Any CPU
		{DF3F0C0F-8183-44C7-BBB9-73F2C169B787}.Release|Any CPU.ActiveCfg = Release|Any CPU
		{DF3F0C0F-8183-44C7-BBB9-73F2C169B787}.Release|Any CPU.Build.0 = Release|Any CPU
		{376B89AA-BEA6-42CC-84EF-0AEE66971895}.Debug|Any CPU.ActiveCfg = Debug|Any CPU
		{376B89AA-BEA6-42CC-84EF-0AEE66971895}.Debug|Any CPU.Build.0 = Debug|Any CPU
		{376B89AA-BEA6-42CC-84EF-0AEE66971895}.Release|Any CPU.ActiveCfg = Release|Any CPU
		{376B89AA-BEA6-42CC-84EF-0AEE66971895}.Release|Any CPU.Build.0 = Release|Any CPU
	EndGlobalSection
	GlobalSection(SolutionProperties) = preSolution
		HideSolutionNode = FALSE
	EndGlobalSection
	GlobalSection(ExtensibilityGlobals) = postSolution
		SolutionGuid = {0F5DB5A6-7C05-49FB-B9AC-5642292D8B72}
	EndGlobalSection
EndGlobal
